
Microsoft Visual Studio Solution File, Format Version 12.00
# Visual Studio Version 16
VisualStudioVersion = 16.0.34031.81
MinimumVisualStudioVersion = 10.0.40219.1
Project("{FAE04EC0-301F-11D3-BF4B-00C04F79EFBC}") = "DanhSachLienKetDon", "DanhSachLienKetDon\DanhSachLienKetDon.csproj", "{F13BFB7A-FCE7-4A0C-AC72-0D887D50DABD}"
EndProject
Global
	GlobalSection(SolutionConfigurationPlatforms) = preSolution
		Debug|Any CPU = Debug|Any CPU
		Release|Any CPU = Release|Any CPU
	EndGlobalSection
	GlobalSection(ProjectConfigurationPlatforms) = postSolution
		{F13BFB7A-FCE7-4A0C-AC72-0D887D50DABD}.Debug|Any CPU.ActiveCfg = Debug|Any CPU
		{F13BFB7A-FCE7-4A0C-AC72-0D887D50DABD}.Debug|Any CPU.Build.0 = Debug|Any CPU
		{F13BFB7A-FCE7-4A0C-AC72-0D887D50DABD}.Release|Any CPU.ActiveCfg = Release|Any CPU
		{F13BFB7A-FCE7-4A0C-AC72-0D887D50DABD}.Release|Any CPU.Build.0 = Release|Any CPU
	EndGlobalSection
	GlobalSection(SolutionProperties) = preSolution
		HideSolutionNode = FALSE
	EndGlobalSection
	GlobalSection(ExtensibilityGlobals) = postSolution
		SolutionGuid = {B3175CDE-ED54-4017-B0F6-57A6E51353BE}
	EndGlobalSection
EndGlobal
